
Microsoft Visual Studio Solution File, Format Version 12.00
# Visual Studio Version 17
VisualStudioVersion = 17.8.34330.188
MinimumVisualStudioVersion = 10.0.40219.1
Project("{FAE04EC0-301F-11D3-BF4B-00C04F79EFBC}") = "ParseToEnumUtils", "ParseToEnumUtils\ParseToEnumUtils.csproj", "{813561D4-9E4C-4B91-ACCE-127D8FC27ADE}"
EndProject
Global
	GlobalSection(SolutionConfigurationPlatforms) = preSolution
		Debug|Any CPU = Debug|Any CPU
		Release|Any CPU = Release|Any CPU
	EndGlobalSection
	GlobalSection(ProjectConfigurationPlatforms) = postSolution
		{813561D4-9E4C-4B91-ACCE-127D8FC27ADE}.Debug|Any CPU.ActiveCfg = Debug|Any CPU
		{813561D4-9E4C-4B91-ACCE-127D8FC27ADE}.Debug|Any CPU.Build.0 = Debug|Any CPU
		{813561D4-9E4C-4B91-ACCE-127D8FC27ADE}.Release|Any CPU.ActiveCfg = Release|Any CPU
		{813561D4-9E4C-4B91-ACCE-127D8FC27ADE}.Release|Any CPU.Build.0 = Release|Any CPU
	EndGlobalSection
	GlobalSection(SolutionProperties) = preSolution
		HideSolutionNode = FALSE
	EndGlobalSection
	GlobalSection(ExtensibilityGlobals) = postSolution
		SolutionGuid = {BE73B479-1CD2-4A55-A808-290A6792A94F}
	EndGlobalSection
EndGlobal
